
Microsoft Visual Studio Solution File, Format Version 12.00
Project("{2150E333-8FDC-42A3-9474-1A3956D46DE8}") = "Domain", "Domain", "{304F170E-115D-4472-8EF5-2517BDA96E67}"
EndProject
Project("{FAE04EC0-301F-11D3-BF4B-00C04F79EFBC}") = "TelegramBot.Domain", "TelegramBot.Domain\TelegramBot.Domain.csproj", "{50852E10-E05D-450A-97A0-9FA64EA38769}"
EndProject
Project("{2150E333-8FDC-42A3-9474-1A3956D46DE8}") = "Infrastructure", "Infrastructure", "{854FBD4C-87A9-4052-92AB-F25E0444C409}"
EndProject
Project("{FAE04EC0-301F-11D3-BF4B-00C04F79EFBC}") = "TelegramBot.Data", "TelegramBot.Data\TelegramBot.Data.csproj", "{681EB39B-DDCF-43B2-8FBA-6FFF25F50849}"
EndProject
Global
	GlobalSection(SolutionConfigurationPlatforms) = preSolution
		Debug|Any CPU = Debug|Any CPU
		Release|Any CPU = Release|Any CPU
	EndGlobalSection
	GlobalSection(NestedProjects) = preSolution
		{50852E10-E05D-450A-97A0-9FA64EA38769} = {304F170E-115D-4472-8EF5-2517BDA96E67}
		{681EB39B-DDCF-43B2-8FBA-6FFF25F50849} = {854FBD4C-87A9-4052-92AB-F25E0444C409}
	EndGlobalSection
	GlobalSection(ProjectConfigurationPlatforms) = postSolution
		{50852E10-E05D-450A-97A0-9FA64EA38769}.Debug|Any CPU.ActiveCfg = Debug|Any CPU
		{50852E10-E05D-450A-97A0-9FA64EA38769}.Debug|Any CPU.Build.0 = Debug|Any CPU
		{50852E10-E05D-450A-97A0-9FA64EA38769}.Release|Any CPU.ActiveCfg = Release|Any CPU
		{50852E10-E05D-450A-97A0-9FA64EA38769}.Release|Any CPU.Build.0 = Release|Any CPU
		{681EB39B-DDCF-43B2-8FBA-6FFF25F50849}.Debug|Any CPU.ActiveCfg = Debug|Any CPU
		{681EB39B-DDCF-43B2-8FBA-6FFF25F50849}.Debug|Any CPU.Build.0 = Debug|Any CPU
		{681EB39B-DDCF-43B2-8FBA-6FFF25F50849}.Release|Any CPU.ActiveCfg = Release|Any CPU
		{681EB39B-DDCF-43B2-8FBA-6FFF25F50849}.Release|Any CPU.Build.0 = Release|Any CPU
	EndGlobalSection
EndGlobal
